{
  "name": "template",
  "version": "1.0.0",
  "lockfileVersion": 1,
  "dependencies": {
    "async-validator": {
      "version": "1.6.9",
      "resolved": "http://r.cnpmjs.org/async-validator/download/async-validator-1.6.9.tgz",
      "integrity": "sha1-qDCdqouDQhzb1GKOAm1quyUZLTQ="
    },
    "babel-helper-vue-jsx-merge-props": {
      "version": "2.0.2",
      "resolved": "http://r.cnpmjs.org/babel-helper-vue-jsx-merge-props/download/babel-helper-vue-jsx-merge-props-2.0.2.tgz",
      "integrity": "sha1-rOscNzWIJ54nVeoc/TXCI5T9M/g="
    },
    "deepmerge": {
      "version": "1.4.3",
      "resolved": "http://r.cnpmjs.org/deepmerge/download/deepmerge-1.4.3.tgz",
      "integrity": "sha1-+MnssRwXaz2/yBZ7WMxWdMXmWLs="
    },
    "element-ui": {
      "version": "1.3.6",
      "resolved": "http://r.cnpmjs.org/element-ui/download/element-ui-1.3.6.tgz",
      "integrity": "sha1-MYwTvn5vawm0gxyvG8rbsO8TWtk="
    },
    "throttle-debounce": {
      "version": "1.0.1",
      "resolved": "http://r.cnpmjs.org/throttle-debounce/download/throttle-debounce-1.0.1.tgz",
      "integrity": "sha1-2tD+Ew+drzcZ/eoz3Dao5rp/MLU="
    }
  }
}
